
Microsoft Visual Studio Solution File, Format Version 12.00
# Visual Studio Version 17
VisualStudioVersion = 17.0.31903.59
MinimumVisualStudioVersion = 10.0.40219.1
Project("{FAE04EC0-301F-11D3-BF4B-00C04F79EFBC}") = "Mastemis.Domain", "src\Domain\Mastemis.Domain.csproj", "{AA1A6FD2-CF55-44E4-A21C-F155E8497A01}"
EndProject
Project("{FAE04EC0-301F-11D3-BF4B-00C04F79EFBC}") = "Mastemis.Application", "src\Application\Mastemis.Application.csproj", "{AA1A6FD2-CF55-44E4-A21C-F155E8497A02}"
EndProject
Project("{FAE04EC0-301F-11D3-BF4B-00C04F79EFBC}") = "Mastemis.Infrastructure", "src\Infrastructure\Mastemis.Infrastructure.csproj", "{AA1A6FD2-CF55-44E4-A21C-F155E8497A03}"
EndProject
Project("{FAE04EC0-301F-11D3-BF4B-00C04F79EFBC}") = "Mastemis.Server", "src\Server\Mastemis.Server.csproj", "{AA1A6FD2-CF55-44E4-A21C-F155E8497A04}"
EndProject
Project("{FAE04EC0-301F-11D3-BF4B-00C04F79EFBC}") = "Mastemis.Domain.Tests", "tests\Domain.Tests\Mastemis.Domain.Tests.csproj", "{AA1A6FD2-CF55-44E4-A21C-F155E8497A05}"
EndProject
Project("{FAE04EC0-301F-11D3-BF4B-00C04F79EFBC}") = "Mastemis.Application.Tests", "tests\Application.Tests\Mastemis.Application.Tests.csproj", "{AA1A6FD2-CF55-44E4-A21C-F155E8497A06}"
EndProject
Project("{FAE04EC0-301F-11D3-BF4B-00C04F79EFBC}") = "Mastemis.Server.Tests", "tests\Server.Tests\Mastemis.Server.Tests.csproj", "{AA1A6FD2-CF55-44E4-A21C-F155E8497A07}"
EndProject
Project("{FAE04EC0-301F-11D3-BF4B-00C04F79EFBC}") = "Mastemis.Infrastructure.Tests", "tests\Infrastructure.Tests\Mastemis.Infrastructure.Tests.csproj", "{AA1A6FD2-CF55-44E4-A21C-F155E8497A08}"
EndProject
Project("{2150E333-8FDC-42A3-9474-1A3956D46DE8}") = "src", "src", "{827E0CD3-B72D-47B6-A68D-7590B98EB39B}"
EndProject
Project("{2150E333-8FDC-42A3-9474-1A3956D46DE8}") = "Contracts", "Contracts", "{FFBE31B8-50B9-B415-22BC-2F92C97CADA3}"
EndProject
Project("{FAE04EC0-301F-11D3-BF4B-00C04F79EFBC}") = "Mastemis.Contracts", "src\Contracts\Mastemis.Contracts.csproj", "{265B10EE-C43E-4539-A14E-D6C07790D49B}"
EndProject
Project("{2150E333-8FDC-42A3-9474-1A3956D46DE8}") = "Domain", "Domain", "{8B290487-4C16-E85E-E807-F579CBE9FC4D}"
EndProject
Project("{2150E333-8FDC-42A3-9474-1A3956D46DE8}") = "Sandbox", "Sandbox", "{2B0A9BCA-B103-EC90-8BF9-F82A8B53DFEE}"
EndProject
Project("{FAE04EC0-301F-11D3-BF4B-00C04F79EFBC}") = "Mastemis.Sandbox", "src\Sandbox\Mastemis.Sandbox.csproj", "{7FA09E66-4E0B-47F5-93D3-ACAE46CB3467}"
EndProject
Project("{2150E333-8FDC-42A3-9474-1A3956D46DE8}") = "Judge", "Judge", "{59E3E116-2129-D7C8-F553-878C1D08A582}"
EndProject
Project("{FAE04EC0-301F-11D3-BF4B-00C04F79EFBC}") = "Mastemis.Judge", "src\Judge\Mastemis.Judge.csproj", "{97CD2FCC-D57C-4B71-9630-036C0C4827D3}"
EndProject
Project("{2150E333-8FDC-42A3-9474-1A3956D46DE8}") = "tests", "tests", "{0AB3BF05-4346-4AA6-1389-037BE0695223}"
EndProject
Project("{2150E333-8FDC-42A3-9474-1A3956D46DE8}") = "Judge.Tests", "Judge.Tests", "{5489D01B-BC89-9986-035C-0CC849E6BA23}"
EndProject
Project("{FAE04EC0-301F-11D3-BF4B-00C04F79EFBC}") = "Mastemis.Judge.Tests", "tests\Judge.Tests\Mastemis.Judge.Tests.csproj", "{46128C16-846C-4531-A40A-8089B22D48EC}"
EndProject
Project("{2150E333-8FDC-42A3-9474-1A3956D46DE8}") = "Sandbox.Tests", "Sandbox.Tests", "{DC3C479E-EC96-CCE2-B060-E48560C477D0}"
EndProject
Project("{FAE04EC0-301F-11D3-BF4B-00C04F79EFBC}") = "Mastemis.Sandbox.Tests", "tests\Sandbox.Tests\Mastemis.Sandbox.Tests.csproj", "{4FBC7B17-CF29-4585-9DC5-C081AA3D4EC0}"
EndProject
Project("{2150E333-8FDC-42A3-9474-1A3956D46DE8}") = "Mas.Language", "Mas.Language", "{F8954717-8150-AE5E-245D-F1311E55A89C}"
EndProject
Project("{FAE04EC0-301F-11D3-BF4B-00C04F79EFBC}") = "Mastemis.Mas.Language", "src\Mas.Language\Mastemis.Mas.Language.csproj", "{AA20E53A-D1CE-43A3-82BF-B4624B904639}"
EndProject
Project("{2150E333-8FDC-42A3-9474-1A3956D46DE8}") = "Mas.Runtime", "Mas.Runtime", "{5F118C6A-44A3-BA40-DF05-E51BD6751E92}"
EndProject
Project("{FAE04EC0-301F-11D3-BF4B-00C04F79EFBC}") = "Mastemis.Mas.Runtime", "src\Mas.Runtime\Mastemis.Mas.Runtime.csproj", "{ACAE92F9-06EA-450C-96E0-92DFCE01D9C7}"
EndProject
Project("{2150E333-8FDC-42A3-9474-1A3956D46DE8}") = "Mas.Packaging", "Mas.Packaging", "{979C0C63-6697-D482-B4AC-9A2BC3C653D8}"
EndProject
Project("{FAE04EC0-301F-11D3-BF4B-00C04F79EFBC}") = "Mastemis.Mas.Packaging", "src\Mas.Packaging\Mastemis.Mas.Packaging.csproj", "{FFFD6C9A-DE02-4F00-942A-4A0C28157212}"
EndProject
Project("{2150E333-8FDC-42A3-9474-1A3956D46DE8}") = "Mas.Tests", "Mas.Tests", "{4AF29C31-1BBD-C99F-23E0-C5103F0FD32E}"
EndProject
Project("{FAE04EC0-301F-11D3-BF4B-00C04F79EFBC}") = "Mastemis.Mas.Tests", "tests\Mas.Tests\Mastemis.Mas.Tests.csproj", "{C1F2FD0B-1ABA-4AF2-903B-D7DFCB131B0C}"
EndProject
Global
	GlobalSection(SolutionConfigurationPlatforms) = preSolution
		Debug|Any CPU = Debug|Any CPU
		Debug|x64 = Debug|x64
		Debug|x86 = Debug|x86
		Release|Any CPU = Release|Any CPU
		Release|x64 = Release|x64
		Release|x86 = Release|x86
	EndGlobalSection
	GlobalSection(ProjectConfigurationPlatforms) = postSolution
		{AA1A6FD2-CF55-44E4-A21C-F155E8497A01}.Debug|Any CPU.ActiveCfg = Debug|Any CPU
		{AA1A6FD2-CF55-44E4-A21C-F155E8497A01}.Debug|Any CPU.Build.0 = Debug|Any CPU
		{AA1A6FD2-CF55-44E4-A21C-F155E8497A01}.Debug|x64.ActiveCfg = Debug|Any CPU
		{AA1A6FD2-CF55-44E4-A21C-F155E8497A01}.Debug|x64.Build.0 = Debug|Any CPU
		{AA1A6FD2-CF55-44E4-A21C-F155E8497A01}.Debug|x86.ActiveCfg = Debug|Any CPU
		{AA1A6FD2-CF55-44E4-A21C-F155E8497A01}.Debug|x86.Build.0 = Debug|Any CPU
		{AA1A6FD2-CF55-44E4-A21C-F155E8497A01}.Release|Any CPU.ActiveCfg = Release|Any CPU
		{AA1A6FD2-CF55-44E4-A21C-F155E8497A01}.Release|Any CPU.Build.0 = Release|Any CPU
		{AA1A6FD2-CF55-44E4-A21C-F155E8497A01}.Release|x64.ActiveCfg = Release|Any CPU
		{AA1A6FD2-CF55-44E4-A21C-F155E8497A01}.Release|x64.Build.0 = Release|Any CPU
		{AA1A6FD2-CF55-44E4-A21C-F155E8497A01}.Release|x86.ActiveCfg = Release|Any CPU
		{AA1A6FD2-CF55-44E4-A21C-F155E8497A01}.Release|x86.Build.0 = Release|Any CPU
		{AA1A6FD2-CF55-44E4-A21C-F155E8497A02}.Debug|Any CPU.ActiveCfg = Debug|Any CPU
		{AA1A6FD2-CF55-44E4-A21C-F155E8497A02}.Debug|Any CPU.Build.0 = Debug|Any CPU
		{AA1A6FD2-CF55-44E4-A21C-F155E8497A02}.Debug|x64.ActiveCfg = Debug|Any CPU
		{AA1A6FD2-CF55-44E4-A21C-F155E8497A02}.Debug|x64.Build.0 = Debug|Any CPU
		{AA1A6FD2-CF55-44E4-A21C-F155E8497A02}.Debug|x86.ActiveCfg = Debug|Any CPU
		{AA1A6FD2-CF55-44E4-A21C-F155E8497A02}.Debug|x86.Build.0 = Debug|Any CPU
		{AA1A6FD2-CF55-44E4-A21C-F155E8497A02}.Release|Any CPU.ActiveCfg = Release|Any CPU
		{AA1A6FD2-CF55-44E4-A21C-F155E8497A02}.Release|Any CPU.Build.0 = Release|Any CPU
		{AA1A6FD2-CF55-44E4-A21C-F155E8497A02}.Release|x64.ActiveCfg = Release|Any CPU
		{AA1A6FD2-CF55-44E4-A21C-F155E8497A02}.Release|x64.Build.0 = Release|Any CPU
		{AA1A6FD2-CF55-44E4-A21C-F155E8497A02}.Release|x86.ActiveCfg = Release|Any CPU
		{AA1A6FD2-CF55-44E4-A21C-F155E8497A02}.Release|x86.Build.0 = Release|Any CPU
		{AA1A6FD2-CF55-44E4-A21C-F155E8497A03}.Debug|Any CPU.ActiveCfg = Debug|Any CPU
		{AA1A6FD2-CF55-44E4-A21C-F155E8497A03}.Debug|Any CPU.Build.0 = Debug|Any CPU
		{AA1A6FD2-CF55-44E4-A21C-F155E8497A03}.Debug|x64.ActiveCfg = Debug|Any CPU
		{AA1A6FD2-CF55-44E4-A21C-F155E8497A03}.Debug|x64.Build.0 = Debug|Any CPU
		{AA1A6FD2-CF55-44E4-A21C-F155E8497A03}.Debug|x86.ActiveCfg = Debug|Any CPU
		{AA1A6FD2-CF55-44E4-A21C-F155E8497A03}.Debug|x86.Build.0 = Debug|Any CPU
		{AA1A6FD2-CF55-44E4-A21C-F155E8497A03}.Release|Any CPU.ActiveCfg = Release|Any CPU
		{AA1A6FD2-CF55-44E4-A21C-F155E8497A03}.Release|Any CPU.Build.0 = Release|Any CPU
		{AA1A6FD2-CF55-44E4-A21C-F155E8497A03}.Release|x64.ActiveCfg = Release|Any CPU
		{AA1A6FD2-CF55-44E4-A21C-F155E8497A03}.Release|x64.Build.0 = Release|Any CPU
		{AA1A6FD2-CF55-44E4-A21C-F155E8497A03}.Release|x86.ActiveCfg = Release|Any CPU
		{AA1A6FD2-CF55-44E4-A21C-F155E8497A03}.Release|x86.Build.0 = Release|Any CPU
		{AA1A6FD2-CF55-44E4-A21C-F155E8497A04}.Debug|Any CPU.ActiveCfg = Debug|Any CPU
		{AA1A6FD2-CF55-44E4-A21C-F155E8497A04}.Debug|Any CPU.Build.0 = Debug|Any CPU
		{AA1A6FD2-CF55-44E4-A21C-F155E8497A04}.Debug|x64.ActiveCfg = Debug|Any CPU
		{AA1A6FD2-CF55-44E4-A21C-F155E8497A04}.Debug|x64.Build.0 = Debug|Any CPU
		{AA1A6FD2-CF55-44E4-A21C-F155E8497A04}.Debug|x86.ActiveCfg = Debug|Any CPU
		{AA1A6FD2-CF55-44E4-A21C-F155E8497A04}.Debug|x86.Build.0 = Debug|Any CPU
		{AA1A6FD2-CF55-44E4-A21C-F155E8497A04}.Release|Any CPU.ActiveCfg = Release|Any CPU
		{AA1A6FD2-CF55-44E4-A21C-F155E8497A04}.Release|Any CPU.Build.0 = Release|Any CPU
		{AA1A6FD2-CF55-44E4-A21C-F155E8497A04}.Release|x64.ActiveCfg = Release|Any CPU
		{AA1A6FD2-CF55-44E4-A21C-F155E8497A04}.Release|x64.Build.0 = Release|Any CPU
		{AA1A6FD2-CF55-44E4-A21C-F155E8497A04}.Release|x86.ActiveCfg = Release|Any CPU
		{AA1A6FD2-CF55-44E4-A21C-F155E8497A04}.Release|x86.Build.0 = Release|Any CPU
		{AA1A6FD2-CF55-44E4-A21C-F155E8497A05}.Debug|Any CPU.ActiveCfg = Debug|Any CPU
		{AA1A6FD2-CF55-44E4-A21C-F155E8497A05}.Debug|Any CPU.Build.0 = Debug|Any CPU
		{AA1A6FD2-CF55-44E4-A21C-F155E8497A05}.Debug|x64.ActiveCfg = Debug|Any CPU
		{AA1A6FD2-CF55-44E4-A21C-F155E8497A05}.Debug|x64.Build.0 = Debug|Any CPU
		{AA1A6FD2-CF55-44E4-A21C-F155E8497A05}.Debug|x86.ActiveCfg = Debug|Any CPU
		{AA1A6FD2-CF55-44E4-A21C-F155E8497A05}.Debug|x86.Build.0 = Debug|Any CPU
		{AA1A6FD2-CF55-44E4-A21C-F155E8497A05}.Release|Any CPU.ActiveCfg = Release|Any CPU
		{AA1A6FD2-CF55-44E4-A21C-F155E8497A05}.Release|Any CPU.Build.0 = Release|Any CPU
		{AA1A6FD2-CF55-44E4-A21C-F155E8497A05}.Release|x64.ActiveCfg = Release|Any CPU
		{AA1A6FD2-CF55-44E4-A21C-F155E8497A05}.Release|x64.Build.0 = Release|Any CPU
		{AA1A6FD2-CF55-44E4-A21C-F155E8497A05}.Release|x86.ActiveCfg = Release|Any CPU
		{AA1A6FD2-CF55-44E4-A21C-F155E8497A05}.Release|x86.Build.0 = Release|Any CPU
		{AA1A6FD2-CF55-44E4-A21C-F155E8497A06}.Debug|Any CPU.ActiveCfg = Debug|Any CPU
		{AA1A6FD2-CF55-44E4-A21C-F155E8497A06}.Debug|Any CPU.Build.0 = Debug|Any CPU
		{AA1A6FD2-CF55-44E4-A21C-F155E8497A06}.Debug|x64.ActiveCfg = Debug|Any CPU
		{AA1A6FD2-CF55-44E4-A21C-F155E8497A06}.Debug|x64.Build.0 = Debug|Any CPU
		{AA1A6FD2-CF55-44E4-A21C-F155E8497A06}.Debug|x86.ActiveCfg = Debug|Any CPU
		{AA1A6FD2-CF55-44E4-A21C-F155E8497A06}.Debug|x86.Build.0 = Debug|Any CPU
		{AA1A6FD2-CF55-44E4-A21C-F155E8497A06}.Release|Any CPU.ActiveCfg = Release|Any CPU
		{AA1A6FD2-CF55-44E4-A21C-F155E8497A06}.Release|Any CPU.Build.0 = Release|Any CPU
		{AA1A6FD2-CF55-44E4-A21C-F155E8497A06}.Release|x64.ActiveCfg = Release|Any CPU
		{AA1A6FD2-CF55-44E4-A21C-F155E8497A06}.Release|x64.Build.0 = Release|Any CPU
		{AA1A6FD2-CF55-44E4-A21C-F155E8497A06}.Release|x86.ActiveCfg = Release|Any CPU
		{AA1A6FD2-CF55-44E4-A21C-F155E8497A06}.Release|x86.Build.0 = Release|Any CPU
		{AA1A6FD2-CF55-44E4-A21C-F155E8497A07}.Debug|Any CPU.ActiveCfg = Debug|Any CPU
		{AA1A6FD2-CF55-44E4-A21C-F155E8497A07}.Debug|Any CPU.Build.0 = Debug|Any CPU
		{AA1A6FD2-CF55-44E4-A21C-F155E8497A07}.Debug|x64.ActiveCfg = Debug|Any CPU
		{AA1A6FD2-CF55-44E4-A21C-F155E8497A07}.Debug|x64.Build.0 = Debug|Any CPU
		{AA1A6FD2-CF55-44E4-A21C-F155E8497A07}.Debug|x86.ActiveCfg = Debug|Any CPU
		{AA1A6FD2-CF55-44E4-A21C-F155E8497A07}.Debug|x86.Build.0 = Debug|Any CPU
		{AA1A6FD2-CF55-44E4-A21C-F155E8497A07}.Release|Any CPU.ActiveCfg = Release|Any CPU
		{AA1A6FD2-CF55-44E4-A21C-F155E8497A07}.Release|Any CPU.Build.0 = Release|Any CPU
		{AA1A6FD2-CF55-44E4-A21C-F155E8497A07}.Release|x64.ActiveCfg = Release|Any CPU
		{AA1A6FD2-CF55-44E4-A21C-F155E8497A07}.Release|x64.Build.0 = Release|Any CPU
		{AA1A6FD2-CF55-44E4-A21C-F155E8497A07}.Release|x86.ActiveCfg = Release|Any CPU
		{AA1A6FD2-CF55-44E4-A21C-F155E8497A07}.Release|x86.Build.0 = Release|Any CPU
		{AA1A6FD2-CF55-44E4-A21C-F155E8497A08}.Debug|Any CPU.ActiveCfg = Debug|Any CPU
		{AA1A6FD2-CF55-44E4-A21C-F155E8497A08}.Debug|Any CPU.Build.0 = Debug|Any CPU
		{AA1A6FD2-CF55-44E4-A21C-F155E8497A08}.Debug|x64.ActiveCfg = Debug|Any CPU
		{AA1A6FD2-CF55-44E4-A21C-F155E8497A08}.Debug|x64.Build.0 = Debug|Any CPU
		{AA1A6FD2-CF55-44E4-A21C-F155E8497A08}.Debug|x86.ActiveCfg = Debug|Any CPU
		{AA1A6FD2-CF55-44E4-A21C-F155E8497A08}.Debug|x86.Build.0 = Debug|Any CPU
		{AA1A6FD2-CF55-44E4-A21C-F155E8497A08}.Release|Any CPU.ActiveCfg = Release|Any CPU
		{AA1A6FD2-CF55-44E4-A21C-F155E8497A08}.Release|Any CPU.Build.0 = Release|Any CPU
		{AA1A6FD2-CF55-44E4-A21C-F155E8497A08}.Release|x64.ActiveCfg = Release|Any CPU
		{AA1A6FD2-CF55-44E4-A21C-F155E8497A08}.Release|x64.Build.0 = Release|Any CPU
		{AA1A6FD2-CF55-44E4-A21C-F155E8497A08}.Release|x86.ActiveCfg = Release|Any CPU
		{AA1A6FD2-CF55-44E4-A21C-F155E8497A08}.Release|x86.Build.0 = Release|Any CPU
		{265B10EE-C43E-4539-A14E-D6C07790D49B}.Debug|Any CPU.ActiveCfg = Debug|Any CPU
		{265B10EE-C43E-4539-A14E-D6C07790D49B}.Debug|Any CPU.Build.0 = Debug|Any CPU
		{265B10EE-C43E-4539-A14E-D6C07790D49B}.Debug|x64.ActiveCfg = Debug|Any CPU
		{265B10EE-C43E-4539-A14E-D6C07790D49B}.Debug|x64.Build.0 = Debug|Any CPU
		{265B10EE-C43E-4539-A14E-D6C07790D49B}.Debug|x86.ActiveCfg = Debug|Any CPU
		{265B10EE-C43E-4539-A14E-D6C07790D49B}.Debug|x86.Build.0 = Debug|Any CPU
		{265B10EE-C43E-4539-A14E-D6C07790D49B}.Release|Any CPU.ActiveCfg = Release|Any CPU
		{265B10EE-C43E-4539-A14E-D6C07790D49B}.Release|Any CPU.Build.0 = Release|Any CPU
		{265B10EE-C43E-4539-A14E-D6C07790D49B}.Release|x64.ActiveCfg = Release|Any CPU
		{265B10EE-C43E-4539-A14E-D6C07790D49B}.Release|x64.Build.0 = Release|Any CPU
		{265B10EE-C43E-4539-A14E-D6C07790D49B}.Release|x86.ActiveCfg = Release|Any CPU
		{265B10EE-C43E-4539-A14E-D6C07790D49B}.Release|x86.Build.0 = Release|Any CPU
		{7FA09E66-4E0B-47F5-93D3-ACAE46CB3467}.Debug|Any CPU.ActiveCfg = Debug|Any CPU
		{7FA09E66-4E0B-47F5-93D3-ACAE46CB3467}.Debug|Any CPU.Build.0 = Debug|Any CPU
		{7FA09E66-4E0B-47F5-93D3-ACAE46CB3467}.Debug|x64.ActiveCfg = Debug|Any CPU
		{7FA09E66-4E0B-47F5-93D3-ACAE46CB3467}.Debug|x64.Build.0 = Debug|Any CPU
		{7FA09E66-4E0B-47F5-93D3-ACAE46CB3467}.Debug|x86.ActiveCfg = Debug|Any CPU
		{7FA09E66-4E0B-47F5-93D3-ACAE46CB3467}.Debug|x86.Build.0 = Debug|Any CPU
		{7FA09E66-4E0B-47F5-93D3-ACAE46CB3467}.Release|Any CPU.ActiveCfg = Release|Any CPU
		{7FA09E66-4E0B-47F5-93D3-ACAE46CB3467}.Release|Any CPU.Build.0 = Release|Any CPU
		{7FA09E66-4E0B-47F5-93D3-ACAE46CB3467}.Release|x64.ActiveCfg = Release|Any CPU
		{7FA09E66-4E0B-47F5-93D3-ACAE46CB3467}.Release|x64.Build.0 = Release|Any CPU
		{7FA09E66-4E0B-47F5-93D3-ACAE46CB3467}.Release|x86.ActiveCfg = Release|Any CPU
		{7FA09E66-4E0B-47F5-93D3-ACAE46CB3467}.Release|x86.Build.0 = Release|Any CPU
		{97CD2FCC-D57C-4B71-9630-036C0C4827D3}.Debug|Any CPU.ActiveCfg = Debug|Any CPU
		{97CD2FCC-D57C-4B71-9630-036C0C4827D3}.Debug|Any CPU.Build.0 = Debug|Any CPU
		{97CD2FCC-D57C-4B71-9630-036C0C4827D3}.Debug|x64.ActiveCfg = Debug|Any CPU
		{97CD2FCC-D57C-4B71-9630-036C0C4827D3}.Debug|x64.Build.0 = Debug|Any CPU
		{97CD2FCC-D57C-4B71-9630-036C0C4827D3}.Debug|x86.ActiveCfg = Debug|Any CPU
		{97CD2FCC-D57C-4B71-9630-036C0C4827D3}.Debug|x86.Build.0 = Debug|Any CPU
		{97CD2FCC-D57C-4B71-9630-036C0C4827D3}.Release|Any CPU.ActiveCfg = Release|Any CPU
		{97CD2FCC-D57C-4B71-9630-036C0C4827D3}.Release|Any CPU.Build.0 = Release|Any CPU
		{97CD2FCC-D57C-4B71-9630-036C0C4827D3}.Release|x64.ActiveCfg = Release|Any CPU
		{97CD2FCC-D57C-4B71-9630-036C0C4827D3}.Release|x64.Build.0 = Release|Any CPU
		{97CD2FCC-D57C-4B71-9630-036C0C4827D3}.Release|x86.ActiveCfg = Release|Any CPU
		{97CD2FCC-D57C-4B71-9630-036C0C4827D3}.Release|x86.Build.0 = Release|Any CPU
		{46128C16-846C-4531-A40A-8089B22D48EC}.Debug|Any CPU.ActiveCfg = Debug|Any CPU
		{46128C16-846C-4531-A40A-8089B22D48EC}.Debug|Any CPU.Build.0 = Debug|Any CPU
		{46128C16-846C-4531-A40A-8089B22D48EC}.Debug|x64.ActiveCfg = Debug|Any CPU
		{46128C16-846C-4531-A40A-8089B22D48EC}.Debug|x64.Build.0 = Debug|Any CPU
		{46128C16-846C-4531-A40A-8089B22D48EC}.Debug|x86.ActiveCfg = Debug|Any CPU
		{46128C16-846C-4531-A40A-8089B22D48EC}.Debug|x86.Build.0 = Debug|Any CPU
		{46128C16-846C-4531-A40A-8089B22D48EC}.Release|Any CPU.ActiveCfg = Release|Any CPU
		{46128C16-846C-4531-A40A-8089B22D48EC}.Release|Any CPU.Build.0 = Release|Any CPU
		{46128C16-846C-4531-A40A-8089B22D48EC}.Release|x64.ActiveCfg = Release|Any CPU
		{46128C16-846C-4531-A40A-8089B22D48EC}.Release|x64.Build.0 = Release|Any CPU
		{46128C16-846C-4531-A40A-8089B22D48EC}.Release|x86.ActiveCfg = Release|Any CPU
		{46128C16-846C-4531-A40A-8089B22D48EC}.Release|x86.Build.0 = Release|Any CPU
		{4FBC7B17-CF29-4585-9DC5-C081AA3D4EC0}.Debug|Any CPU.ActiveCfg = Debug|Any CPU
		{4FBC7B17-CF29-4585-9DC5-C081AA3D4EC0}.Debug|Any CPU.Build.0 = Debug|Any CPU
		{4FBC7B17-CF29-4585-9DC5-C081AA3D4EC0}.Debug|x64.ActiveCfg = Debug|Any CPU
		{4FBC7B17-CF29-4585-9DC5-C081AA3D4EC0}.Debug|x64.Build.0 = Debug|Any CPU
		{4FBC7B17-CF29-4585-9DC5-C081AA3D4EC0}.Debug|x86.ActiveCfg = Debug|Any CPU
		{4FBC7B17-CF29-4585-9DC5-C081AA3D4EC0}.Debug|x86.Build.0 = Debug|Any CPU
		{4FBC7B17-CF29-4585-9DC5-C081AA3D4EC0}.Release|Any CPU.ActiveCfg = Release|Any CPU
		{4FBC7B17-CF29-4585-9DC5-C081AA3D4EC0}.Release|Any CPU.Build.0 = Release|Any CPU
		{4FBC7B17-CF29-4585-9DC5-C081AA3D4EC0}.Release|x64.ActiveCfg = Release|Any CPU
		{4FBC7B17-CF29-4585-9DC5-C081AA3D4EC0}.Release|x64.Build.0 = Release|Any CPU
		{4FBC7B17-CF29-4585-9DC5-C081AA3D4EC0}.Release|x86.ActiveCfg = Release|Any CPU
		{4FBC7B17-CF29-4585-9DC5-C081AA3D4EC0}.Release|x86.Build.0 = Release|Any CPU
		{AA20E53A-D1CE-43A3-82BF-B4624B904639}.Debug|Any CPU.ActiveCfg = Debug|Any CPU
		{AA20E53A-D1CE-43A3-82BF-B4624B904639}.Debug|Any CPU.Build.0 = Debug|Any CPU
		{AA20E53A-D1CE-43A3-82BF-B4624B904639}.Debug|x64.ActiveCfg = Debug|Any CPU
		{AA20E53A-D1CE-43A3-82BF-B4624B904639}.Debug|x64.Build.0 = Debug|Any CPU
		{AA20E53A-D1CE-43A3-82BF-B4624B904639}.Debug|x86.ActiveCfg = Debug|Any CPU
		{AA20E53A-D1CE-43A3-82BF-B4624B904639}.Debug|x86.Build.0 = Debug|Any CPU
		{AA20E53A-D1CE-43A3-82BF-B4624B904639}.Release|Any CPU.ActiveCfg = Release|Any CPU
		{AA20E53A-D1CE-43A3-82BF-B4624B904639}.Release|Any CPU.Build.0 = Release|Any CPU
		{AA20E53A-D1CE-43A3-82BF-B4624B904639}.Release|x64.ActiveCfg = Release|Any CPU
		{AA20E53A-D1CE-43A3-82BF-B4624B904639}.Release|x64.Build.0 = Release|Any CPU
		{AA20E53A-D1CE-43A3-82BF-B4624B904639}.Release|x86.ActiveCfg = Release|Any CPU
		{AA20E53A-D1CE-43A3-82BF-B4624B904639}.Release|x86.Build.0 = Release|Any CPU
		{ACAE92F9-06EA-450C-96E0-92DFCE01D9C7}.Debug|Any CPU.ActiveCfg = Debug|Any CPU
		{ACAE92F9-06EA-450C-96E0-92DFCE01D9C7}.Debug|Any CPU.Build.0 = Debug|Any CPU
		{ACAE92F9-06EA-450C-96E0-92DFCE01D9C7}.Debug|x64.ActiveCfg = Debug|Any CPU
		{ACAE92F9-06EA-450C-96E0-92DFCE01D9C7}.Debug|x64.Build.0 = Debug|Any CPU
		{ACAE92F9-06EA-450C-96E0-92DFCE01D9C7}.Debug|x86.ActiveCfg = Debug|Any CPU
		{ACAE92F9-06EA-450C-96E0-92DFCE01D9C7}.Debug|x86.Build.0 = Debug|Any CPU
		{ACAE92F9-06EA-450C-96E0-92DFCE01D9C7}.Release|Any CPU.ActiveCfg = Release|Any CPU
		{ACAE92F9-06EA-450C-96E0-92DFCE01D9C7}.Release|Any CPU.Build.0 = Release|Any CPU
		{ACAE92F9-06EA-450C-96E0-92DFCE01D9C7}.Release|x64.ActiveCfg = Release|Any CPU
		{ACAE92F9-06EA-450C-96E0-92DFCE01D9C7}.Release|x64.Build.0 = Release|Any CPU
		{ACAE92F9-06EA-450C-96E0-92DFCE01D9C7}.Release|x86.ActiveCfg = Release|Any CPU
		{ACAE92F9-06EA-450C-96E0-92DFCE01D9C7}.Release|x86.Build.0 = Release|Any CPU
		{FFFD6C9A-DE02-4F00-942A-4A0C28157212}.Debug|Any CPU.ActiveCfg = Debug|Any CPU
		{FFFD6C9A-DE02-4F00-942A-4A0C28157212}.Debug|Any CPU.Build.0 = Debug|Any CPU
		{FFFD6C9A-DE02-4F00-942A-4A0C28157212}.Debug|x64.ActiveCfg = Debug|Any CPU
		{FFFD6C9A-DE02-4F00-942A-4A0C28157212}.Debug|x64.Build.0 = Debug|Any CPU
		{FFFD6C9A-DE02-4F00-942A-4A0C28157212}.Debug|x86.ActiveCfg = Debug|Any CPU
		{FFFD6C9A-DE02-4F00-942A-4A0C28157212}.Debug|x86.Build.0 = Debug|Any CPU
		{FFFD6C9A-DE02-4F00-942A-4A0C28157212}.Release|Any CPU.ActiveCfg = Release|Any CPU
		{FFFD6C9A-DE02-4F00-942A-4A0C28157212}.Release|Any CPU.Build.0 = Release|Any CPU
		{FFFD6C9A-DE02-4F00-942A-4A0C28157212}.Release|x64.ActiveCfg = Release|Any CPU
		{FFFD6C9A-DE02-4F00-942A-4A0C28157212}.Release|x64.Build.0 = Release|Any CPU
		{FFFD6C9A-DE02-4F00-942A-4A0C28157212}.Release|x86.ActiveCfg = Release|Any CPU
		{FFFD6C9A-DE02-4F00-942A-4A0C28157212}.Release|x86.Build.0 = Release|Any CPU
		{C1F2FD0B-1ABA-4AF2-903B-D7DFCB131B0C}.Debug|Any CPU.ActiveCfg = Debug|Any CPU
		{C1F2FD0B-1ABA-4AF2-903B-D7DFCB131B0C}.Debug|Any CPU.Build.0 = Debug|Any CPU
		{C1F2FD0B-1ABA-4AF2-903B-D7DFCB131B0C}.Debug|x64.ActiveCfg = Debug|Any CPU
		{C1F2FD0B-1ABA-4AF2-903B-D7DFCB131B0C}.Debug|x64.Build.0 = Debug|Any CPU
		{C1F2FD0B-1ABA-4AF2-903B-D7DFCB131B0C}.Debug|x86.ActiveCfg = Debug|Any CPU
		{C1F2FD0B-1ABA-4AF2-903B-D7DFCB131B0C}.Debug|x86.Build.0 = Debug|Any CPU
		{C1F2FD0B-1ABA-4AF2-903B-D7DFCB131B0C}.Release|Any CPU.ActiveCfg = Release|Any CPU
		{C1F2FD0B-1ABA-4AF2-903B-D7DFCB131B0C}.Release|Any CPU.Build.0 = Release|Any CPU
		{C1F2FD0B-1ABA-4AF2-903B-D7DFCB131B0C}.Release|x64.ActiveCfg = Release|Any CPU
		{C1F2FD0B-1ABA-4AF2-903B-D7DFCB131B0C}.Release|x64.Build.0 = Release|Any CPU
		{C1F2FD0B-1ABA-4AF2-903B-D7DFCB131B0C}.Release|x86.ActiveCfg = Release|Any CPU
		{C1F2FD0B-1ABA-4AF2-903B-D7DFCB131B0C}.Release|x86.Build.0 = Release|Any CPU
	EndGlobalSection
	GlobalSection(SolutionProperties) = preSolution
		HideSolutionNode = FALSE
	EndGlobalSection
	GlobalSection(NestedProjects) = preSolution
		{FFBE31B8-50B9-B415-22BC-2F92C97CADA3} = {827E0CD3-B72D-47B6-A68D-7590B98EB39B}
		{265B10EE-C43E-4539-A14E-D6C07790D49B} = {FFBE31B8-50B9-B415-22BC-2F92C97CADA3}
		{8B290487-4C16-E85E-E807-F579CBE9FC4D} = {827E0CD3-B72D-47B6-A68D-7590B98EB39B}
		{2B0A9BCA-B103-EC90-8BF9-F82A8B53DFEE} = {827E0CD3-B72D-47B6-A68D-7590B98EB39B}
		{7FA09E66-4E0B-47F5-93D3-ACAE46CB3467} = {2B0A9BCA-B103-EC90-8BF9-F82A8B53DFEE}
		{59E3E116-2129-D7C8-F553-878C1D08A582} = {827E0CD3-B72D-47B6-A68D-7590B98EB39B}
		{97CD2FCC-D57C-4B71-9630-036C0C4827D3} = {59E3E116-2129-D7C8-F553-878C1D08A582}
		{5489D01B-BC89-9986-035C-0CC849E6BA23} = {0AB3BF05-4346-4AA6-1389-037BE0695223}
		{46128C16-846C-4531-A40A-8089B22D48EC} = {5489D01B-BC89-9986-035C-0CC849E6BA23}
		{DC3C479E-EC96-CCE2-B060-E48560C477D0} = {0AB3BF05-4346-4AA6-1389-037BE0695223}
		{4FBC7B17-CF29-4585-9DC5-C081AA3D4EC0} = {DC3C479E-EC96-CCE2-B060-E48560C477D0}
		{F8954717-8150-AE5E-245D-F1311E55A89C} = {827E0CD3-B72D-47B6-A68D-7590B98EB39B}
		{AA20E53A-D1CE-43A3-82BF-B4624B904639} = {F8954717-8150-AE5E-245D-F1311E55A89C}
		{5F118C6A-44A3-BA40-DF05-E51BD6751E92} = {827E0CD3-B72D-47B6-A68D-7590B98EB39B}
		{ACAE92F9-06EA-450C-96E0-92DFCE01D9C7} = {5F118C6A-44A3-BA40-DF05-E51BD6751E92}
		{979C0C63-6697-D482-B4AC-9A2BC3C653D8} = {827E0CD3-B72D-47B6-A68D-7590B98EB39B}
		{FFFD6C9A-DE02-4F00-942A-4A0C28157212} = {979C0C63-6697-D482-B4AC-9A2BC3C653D8}
		{4AF29C31-1BBD-C99F-23E0-C5103F0FD32E} = {0AB3BF05-4346-4AA6-1389-037BE0695223}
		{C1F2FD0B-1ABA-4AF2-903B-D7DFCB131B0C} = {4AF29C31-1BBD-C99F-23E0-C5103F0FD32E}
	EndGlobalSection
EndGlobal
